# This file was autogenerated by Stack.
# You should not edit this file by hand.
# For more information, please see the documentation at:
#   https://docs.haskellstack.org/en/stable/lock_files

packages:
- completed:
    hackage: linear-1.21.10@sha256:fb5253a777ef045c42de576625a5aab8dd6e10f9ba1a4cab9eb626296975e754,3951
    pantry-tree:
      sha256: 42c85677dc98977803173645a038034b57338ea8360a813f090087b0ce9de56b
      size: 2040
  original:
    hackage: linear-1.21.10
snapshots:
- completed:
    sha256: 9a74d76d250a455d9cd11e74f157e087787fa9aa3c4264e69c94703d1e71aede
    size: 619200
    url: https://raw.githubusercontent.com/commercialhaskell/stackage-snapshots/master/lts/19/30.yaml
  original: lts-19.30
